schema: '2.0'
stages:
  generate:
    cmd: "python3 scripts/generate_dataset.py --input-path data/paragraphs.txt --output-path
      data/tokenized\n"
    deps:
    - path: ./data/paragraphs.txt
      hash: md5
      md5: 9400c364cc2f94f946570b76a88b5b60
      size: 14368952
    - path: scripts/generate_dataset.py
      hash: md5
      md5: 83c4ca6ce0e20aa0ee3c8b9ad204cc07
      size: 993
    outs:
    - path: ./data/tokenized
      hash: md5
      md5: 9357354f2d41527f125a76f75617a10f.dir
      size: 34271340
      nfiles: 3
  refine_vocabulary:
    cmd: "python3 ./scripts/refine_vocabulary.py --input-path data/tokenized --output-path
      data/tokenized_remapped\n"
    deps:
    - path: ./data/tokenized
      hash: md5
      md5: 9357354f2d41527f125a76f75617a10f.dir
      size: 34271340
      nfiles: 3
    - path: ./scripts/refine_vocabulary.py
      hash: md5
      md5: 41ce20f6e5fa69f78ea8723c22b93720
      size: 3131
    outs:
    - path: ./data/tokenized_remapped
      hash: md5
      md5: ae22e2f4faf048a1854b1580a6724df5.dir
      size: 57695667
      nfiles: 7
    - path: ./data/tokenized_remapped_metadata.json
      hash: md5
      md5: d834dced50c2e832f5fd6e321c4d4be1
      size: 21
    - path: ./outs/tokenizer
      hash: md5
      md5: 11ca35ac10e28a0e808f3c6f1dcda631.dir
      size: 699660
      nfiles: 2
