schema: '2.0'
stages:
  generate:
    cmd: "python3 scripts/generate_dataset.py --input-path data/gutenberg_shakespeare.txt
      --output-path data/sentences\n"
    deps:
    - path: ./data/gutenberg_shakespeare.txt
      hash: md5
      md5: 02f80fa7827df3210e62ffd5ed7e5b42
      size: 5638483
    - path: scripts/generate_dataset.py
      hash: md5
      md5: aa3efa3db5d35d75614c579c0292ae23
      size: 3644
    outs:
    - path: ./data/sentences
      hash: md5
      md5: a3191e83de4f9860e62dae5756ac3810.dir
      size: 5688128
      nfiles: 3
  refine_vocabulary:
    cmd: "python3 ./scripts/refine_vocabulary.py --input-path data/tokenized --output-path
      data/tokenized_remapped\n"
    deps:
    - path: ./data/tokenized
      hash: md5
      md5: 9357354f2d41527f125a76f75617a10f.dir
      size: 34271340
      nfiles: 3
    - path: ./scripts/refine_vocabulary.py
      hash: md5
      md5: 41ce20f6e5fa69f78ea8723c22b93720
      size: 3131
    outs:
    - path: ./data/tokenized_remapped
      hash: md5
      md5: ae22e2f4faf048a1854b1580a6724df5.dir
      size: 57695667
      nfiles: 7
    - path: ./data/tokenized_remapped_metadata.json
      hash: md5
      md5: d834dced50c2e832f5fd6e321c4d4be1
      size: 21
    - path: ./outs/tokenizer
      hash: md5
      md5: 11ca35ac10e28a0e808f3c6f1dcda631.dir
      size: 699660
      nfiles: 2
  fit_tokenizer:
    cmd: "python3 ./scripts/fit_tokenizer.py --input-path data/sentences --output-path
      data/tokenized\n"
    deps:
    - path: ./data/sentences
      hash: md5
      md5: a3191e83de4f9860e62dae5756ac3810.dir
      size: 5688128
      nfiles: 3
    - path: ./scripts/fit_tokenizer.py
      hash: md5
      md5: 9182ebb8655bd775679e32bb3d598fff
      size: 1987
    params:
      params.yaml:
        fit_tokenizer:
          vocab_size: 512
    outs:
    - path: ./data/tokenized
      hash: md5
      md5: 6e09a90d66c99ece633ca4d554cd5c8d.dir
      size: 19606537
      nfiles: 7
    - path: ./outs/tokenizer
      hash: md5
      md5: 657c31b5f898d774e48fabf15a08c4a5.dir
      size: 29567
      nfiles: 2
  train_model:
    cmd: "python3 ./scripts/train_model.py --input-path data/tokenized --model-output-path
      outs/model --artefacts-path outs/training_artefacts\n"
    deps:
    - path: ./data/tokenized
      hash: md5
      md5: 6e09a90d66c99ece633ca4d554cd5c8d.dir
      size: 19606537
      nfiles: 7
    - path: ./scripts/train_model.py
      hash: md5
      md5: 29d55095230d2ca8358f614d94f1fcd4
      size: 7749
    - path: ./src/shakespeare/torch_model.py
      hash: md5
      md5: b20b29b52fa6733ad186347e3c6208ba
      size: 3669
    params:
      params.yaml:
        train:
          batch_size: 64
          num_epochs: 50
          random_seed: 42
          learning_rate: 0.0001
          model_init_params:
            embed_dim: 256
            num_heads: 8
            num_decoder_layers: 6
            ffn_dim: 1024
            max_seq_len: 512
            dropout: 0.1
            use_rope_emb: false
            use_custom_rope_emb: false
            use_custom_transformer: false
    outs:
    - path: ./outs/model
      hash: md5
      md5: 5b1ac32d984a8c6c47b115a24154e12d.dir
      size: 20537767
      nfiles: 3
    - path: ./outs/training_artefacts
      hash: md5
      md5: 3de19ecde4d9db23b6b39d3a56775d4c.dir
      size: 205380450
      nfiles: 33
